PODS:
  - Realm (2.10.2):
    - Realm/Headers (= 2.10.2)
  - Realm/Headers (2.10.2)
  - RealmSwift (2.10.2):
    - Realm (= 2.10.2)

DEPENDENCIES:
  - RealmSwift (~> 2.0)

SPEC REPOS:
  https://github.com/CocoaPods/Specs.git:
    - Realm
    - RealmSwift

SPEC CHECKSUMS:
  Realm: 0ef72b837fb67e9f4b098bac771ddd72c7fdbb69
  RealmSwift: 07a9ae0505091eda6b2ee7c190c3786d6e90a7b0

PODFILE CHECKSUM: 7ef532fb90238b8e5fef8c892e531a3d1b5de82d

COCOAPODS: 1.10.0.beta.2
