PODS:
  - Realm (2.0.0):
    - Realm/Headers (= 2.0.0)
  - Realm/Headers (2.0.0)
  - RealmSwift (2.0.0):
    - Realm (= 2.0.0)

DEPENDENCIES:
  - RealmSwift (~> 2.0.0)

SPEC CHECKSUMS:
  Realm: 6dda421ae4b3e9a09742fc2cf4b876d459cbedcd
  RealmSwift: 7d015f34a2781a50889be9b5a15c36c08597ea0e

PODFILE CHECKSUM: 7d56aa691be0bb0cdd6f4b75e9cd9e964e5b9945

COCOAPODS: 1.2.1
