// !$*UTF8*$!
{
	archiveVersion = 1;
	classes = {
	};
	objectVersion = 46;
	objects = {

/* Begin PBXBuildFile section */
		183D03FF1C4691C600EBAEF3 /* Torch.h in Headers */ = {isa = PBXBuildFile; fileRef = 183D03FE1C4691C600EBAEF3 /* Torch.h */; settings = {ATTRIBUTES = (Public, ); }; };
		183D04061C4691C600EBAEF3 /* Torch.framework in Frameworks */ = {isa = PBXBuildFile; fileRef = 183D03FB1C4691C600EBAEF3 /* Torch.framework */; };
		18768FD71D44CAFD00252E03 /* Database.swift in Sources */ = {isa = PBXBuildFile; fileRef = 18768FD61D44CAFD00252E03 /* Database.swift */; };
		18768FD91D44CB1200252E03 /* Database+Load.swift in Sources */ = {isa = PBXBuildFile; fileRef = 18768FD81D44CB1200252E03 /* Database+Load.swift */; };
		18768FDB1D44CB5F00252E03 /* Database+Save.swift in Sources */ = {isa = PBXBuildFile; fileRef = 18768FDA1D44CB5F00252E03 /* Database+Save.swift */; };
		18768FDD1D44CB7D00252E03 /* Database+Delete.swift in Sources */ = {isa = PBXBuildFile; fileRef = 18768FDC1D44CB7D00252E03 /* Database+Delete.swift */; };
		18768FDF1D44CBBB00252E03 /* Database+Transaction.swift in Sources */ = {isa = PBXBuildFile; fileRef = 18768FDE1D44CBBB00252E03 /* Database+Transaction.swift */; };
		18768FEF1D44D1A200252E03 /* TorchEntity.swift in Sources */ = {isa = PBXBuildFile; fileRef = 18768FEE1D44D1A200252E03 /* TorchEntity.swift */; };
		18768FF11D44D1AE00252E03 /* ManualTorchEntity.swift in Sources */ = {isa = PBXBuildFile; fileRef = 18768FF01D44D1AE00252E03 /* ManualTorchEntity.swift */; };
		18768FF81D44D20900252E03 /* Property+Sort.swift in Sources */ = {isa = PBXBuildFile; fileRef = 18768FF71D44D20900252E03 /* Property+Sort.swift */; };
		1876900B1D44D81000252E03 /* Property.swift in Sources */ = {isa = PBXBuildFile; fileRef = DC32A10D1D401439008E3A4E /* Property.swift */; };
		1876900C1D44D81300252E03 /* PropertyArrayType.swift in Sources */ = {isa = PBXBuildFile; fileRef = DC49D2301D42874400EECA2F /* PropertyArrayType.swift */; };
		1876900D1D44D81500252E03 /* PropertyOptionalType.swift in Sources */ = {isa = PBXBuildFile; fileRef = DC49D2321D42877E00EECA2F /* PropertyOptionalType.swift */; };
		1876900F1D44D81A00252E03 /* PropertyType.swift in Sources */ = {isa = PBXBuildFile; fileRef = DC49D22A1D42654200EECA2F /* PropertyType.swift */; };
		188CCA4D1F0D2F9A00F17C47 /* GCDSafetyTest.swift in Sources */ = {isa = PBXBuildFile; fileRef = 188CCA4B1F0D2F0700F17C47 /* GCDSafetyTest.swift */; };
		188CCA4F1F0D686300F17C47 /* String+Predicate.swift in Sources */ = {isa = PBXBuildFile; fileRef = 188CCA4E1F0D686300F17C47 /* String+Predicate.swift */; };
		18961D1820925EF8004FDC00 /* TorchTransactionHelper.swift in Sources */ = {isa = PBXBuildFile; fileRef = 18961D1720925EF8004FDC00 /* TorchTransactionHelper.swift */; };
		8E15FB157588645EF62C0E53 /* Pods_TorchTests.framework in Frameworks */ = {isa = PBXBuildFile; fileRef = 17E6CA52BE4277B23EFF9401 /* Pods_TorchTests.framework */; };
		DC1012FA1D4B45D0003C3F1E /* Metadata.swift in Sources */ = {isa = PBXBuildFile; fileRef = DC1012F91D4B45D0003C3F1E /* Metadata.swift */; };
		DC1012FC1D4BA5AA003C3F1E /* PropertyValueType.swift in Sources */ = {isa = PBXBuildFile; fileRef = DC1012FB1D4BA5AA003C3F1E /* PropertyValueType.swift */; };
		DC11F7141D532ED0002875DD /* PropertyComparableValueTypeConvertible+Predicate.swift in Sources */ = {isa = PBXBuildFile; fileRef = DC11F7121D532ED0002875DD /* PropertyComparableValueTypeConvertible+Predicate.swift */; };
		DC11F7151D532ED0002875DD /* PropertyValueTypeConvertible+Predicate.swift in Sources */ = {isa = PBXBuildFile; fileRef = DC11F7131D532ED0002875DD /* PropertyValueTypeConvertible+Predicate.swift */; };
		DC11F7191D532FD0002875DD /* PropertyOptionalComparableTypeConvertible+Predicate.swift in Sources */ = {isa = PBXBuildFile; fileRef = DC11F7171D532FD0002875DD /* PropertyOptionalComparableTypeConvertible+Predicate.swift */; };
		DC11F71A1D532FD0002875DD /* PropertyOptionalTypeConvertible+Predicate.swift in Sources */ = {isa = PBXBuildFile; fileRef = DC11F7181D532FD0002875DD /* PropertyOptionalTypeConvertible+Predicate.swift */; };
		DC49D2351D42902000EECA2F /* Models.swift in Sources */ = {isa = PBXBuildFile; fileRef = DC49D2341D42902000EECA2F /* Models.swift */; };
		DC49D2371D42904700EECA2F /* ModelExtensions.swift in Sources */ = {isa = PBXBuildFile; fileRef = DC49D2361D42904700EECA2F /* ModelExtensions.swift */; };
		DC49D23C1D42B2BE00EECA2F /* PredicateTest.swift in Sources */ = {isa = PBXBuildFile; fileRef = DC49D23B1D42B2BE00EECA2F /* PredicateTest.swift */; };
		DC4A784D1D5093F60096A817 /* ManagedObject.swift in Sources */ = {isa = PBXBuildFile; fileRef = DC4A784C1D5093F60096A817 /* ManagedObject.swift */; };
		DC4A784F1D50D1540096A817 /* ValueTypeWrapper.swift in Sources */ = {isa = PBXBuildFile; fileRef = DC4A784E1D50D1540096A817 /* ValueTypeWrapper.swift */; };
		DC8AB1A81D4BB6BF00A24A12 /* RealmPerformanceTest.swift in Sources */ = {isa = PBXBuildFile; fileRef = DC8AB1A61D4BB67500A24A12 /* RealmPerformanceTest.swift */; };
		DC8AB1AC1D4E295800A24A12 /* SortDescriptor.swift in Sources */ = {isa = PBXBuildFile; fileRef = DC8AB1AB1D4E295800A24A12 /* SortDescriptor.swift */; };
		DC8AB1AE1D4E30C300A24A12 /* Predicate.swift in Sources */ = {isa = PBXBuildFile; fileRef = DC8AB1AD1D4E30C300A24A12 /* Predicate.swift */; };
		DC8AB1B11D4E6CA900A24A12 /* PropertyValueType+Predicate.swift in Sources */ = {isa = PBXBuildFile; fileRef = DC8AB1B01D4E6CA900A24A12 /* PropertyValueType+Predicate.swift */; };
		DC8AB1B31D4E70EA00A24A12 /* Property+Predicate.swift in Sources */ = {isa = PBXBuildFile; fileRef = DC8AB1B21D4E70EA00A24A12 /* Property+Predicate.swift */; };
		DC8AB1B51D4E723E00A24A12 /* PropertyComparableValueType+Predicate.swift in Sources */ = {isa = PBXBuildFile; fileRef = DC8AB1B41D4E723E00A24A12 /* PropertyComparableValueType+Predicate.swift */; };
		DC8AB1B81D4E730F00A24A12 /* PropertyOptionalType+Predicate.swift in Sources */ = {isa = PBXBuildFile; fileRef = DC8AB1B71D4E730F00A24A12 /* PropertyOptionalType+Predicate.swift */; };
		DC8AB1BA1D4E74F500A24A12 /* PropertyOptionalComparableType+Predicate.swift in Sources */ = {isa = PBXBuildFile; fileRef = DC8AB1B91D4E74F500A24A12 /* PropertyOptionalComparableType+Predicate.swift */; };
		DC8AB1BC1D4E75CF00A24A12 /* PropertyComparableValueType.swift in Sources */ = {isa = PBXBuildFile; fileRef = DC8AB1BB1D4E75CF00A24A12 /* PropertyComparableValueType.swift */; };
		DC8AB1C01D4F9D1800A24A12 /* Utils.swift in Sources */ = {isa = PBXBuildFile; fileRef = DC8AB1BF1D4F9D1800A24A12 /* Utils.swift */; };
		DC8B9F2F1D3EB4AE00E3B9DE /* TorchTest.swift in Sources */ = {isa = PBXBuildFile; fileRef = DC8B9F2B1D3EB41F00E3B9DE /* TorchTest.swift */; };
		DCC759751D46209A00D23B24 /* CoreDataPerformanceTest.swift in Sources */ = {isa = PBXBuildFile; fileRef = DCC759701D46207200D23B24 /* CoreDataPerformanceTest.swift */; };
		DCC759761D46209F00D23B24 /* CoreDataModel.xcdatamodeld in Sources */ = {isa = PBXBuildFile; fileRef = DCC759721D46208500D23B24 /* CoreDataModel.xcdatamodeld */; };
		DCC7597A1D4673F700D23B24 /* XCTestCase+Measure.swift in Sources */ = {isa = PBXBuildFile; fileRef = DCC759781D4673DA00D23B24 /* XCTestCase+Measure.swift */; };
		DCE907AF1D5088B200BF09D8 /* TestUtils.swift in Sources */ = {isa = PBXBuildFile; fileRef = DCE907AD1D5088AB00BF09D8 /* TestUtils.swift */; };
		DCF198081D45FBD400C7B14C /* PerformanceTest.swift in Sources */ = {isa = PBXBuildFile; fileRef = DCF198061D45FBB500C7B14C /* PerformanceTest.swift */; };
		DCFA7E191D52460E003F24B4 /* PropertyValueTypeConvertible.swift in Sources */ = {isa = PBXBuildFile; fileRef = DCFA7E181D52460E003F24B4 /* PropertyValueTypeConvertible.swift */; };
		FB27948A4EAB99B17BE63F54 /* Pods_Torch.framework in Frameworks */ = {isa = PBXBuildFile; fileRef = 719D5F99DBB43C8D129F2D49 /* Pods_Torch.framework */; };
/* End PBXBuildFile section */

/* Begin PBXContainerItemProxy section */
		183D04071C4691C600EBAEF3 /* PBXContainerItemProxy */ = {
			isa = PBXContainerItemProxy;
			containerPortal = 183D03F21C4691C600EBAEF3 /* Project object */;
			proxyType = 1;
			remoteGlobalIDString = 183D03FA1C4691C600EBAEF3;
			remoteInfo = Mockery;
		};
/* End PBXContainerItemProxy section */

/* Begin PBXFileReference section */
		17E6CA52BE4277B23EFF9401 /* Pods_TorchTests.framework */ = {isa = PBXFileReference; explicitFileType = wrapper.framework; includeInIndex = 0; path = Pods_TorchTests.framework; sourceTree = BUILT_PRODUCTS_DIR; };
		183D03FB1C4691C600EBAEF3 /* Torch.framework */ = {isa = PBXFileReference; explicitFileType = wrapper.framework; includeInIndex = 0; path = Torch.framework; sourceTree = BUILT_PRODUCTS_DIR; };
		183D03FE1C4691C600EBAEF3 /* Torch.h */ = {isa = PBXFileReference; lastKnownFileType = sourcecode.c.h; path = Torch.h; sourceTree = "<group>"; };
		183D04001C4691C600EBAEF3 /* Info.plist */ = {isa = PBXFileReference; lastKnownFileType = text.plist.xml; path = Info.plist; sourceTree = "<group>"; };
		183D04051C4691C600EBAEF3 /* TorchTests.xctest */ = {isa = PBXFileReference; explicitFileType = wrapper.cfbundle; includeInIndex = 0; path = TorchTests.xctest; sourceTree = BUILT_PRODUCTS_DIR; };
		183D040C1C4691C600EBAEF3 /* Info.plist */ = {isa = PBXFileReference; lastKnownFileType = text.plist.xml; path = Info.plist; sourceTree = "<group>"; };
		187688041D43E9C000252E03 /* .travis.yml */ = {isa = PBXFileReference; fileEncoding = 4; lastKnownFileType = text; path = .travis.yml; sourceTree = "<group>"; };
		18768FD61D44CAFD00252E03 /* Database.swift */ = {isa = PBXFileReference; fileEncoding = 4; lastKnownFileType = sourcecode.swift; path = Database.swift; sourceTree = "<group>"; };
		18768FD81D44CB1200252E03 /* Database+Load.swift */ = {isa = PBXFileReference; fileEncoding = 4; lastKnownFileType = sourcecode.swift; path = "Database+Load.swift"; sourceTree = "<group>"; };
		18768FDA1D44CB5F00252E03 /* Database+Save.swift */ = {isa = PBXFileReference; fileEncoding = 4; lastKnownFileType = sourcecode.swift; path = "Database+Save.swift"; sourceTree = "<group>"; };
		18768FDC1D44CB7D00252E03 /* Database+Delete.swift */ = {isa = PBXFileReference; fileEncoding = 4; lastKnownFileType = sourcecode.swift; path = "Database+Delete.swift"; sourceTree = "<group>"; };
		18768FDE1D44CBBB00252E03 /* Database+Transaction.swift */ = {isa = PBXFileReference; fileEncoding = 4; lastKnownFileType = sourcecode.swift; path = "Database+Transaction.swift"; sourceTree = "<group>"; };
		18768FEE1D44D1A200252E03 /* TorchEntity.swift */ = {isa = PBXFileReference; fileEncoding = 4; lastKnownFileType = sourcecode.swift; path = TorchEntity.swift; sourceTree = "<group>"; };
		18768FF01D44D1AE00252E03 /* ManualTorchEntity.swift */ = {isa = PBXFileReference; fileEncoding = 4; lastKnownFileType = sourcecode.swift; path = ManualTorchEntity.swift; sourceTree = "<group>"; };
		18768FF71D44D20900252E03 /* Property+Sort.swift */ = {isa = PBXFileReference; fileEncoding = 4; lastKnownFileType = sourcecode.swift; path = "Property+Sort.swift"; sourceTree = "<group>"; };
		188CCA4B1F0D2F0700F17C47 /* GCDSafetyTest.swift */ = {isa = PBXFileReference; fileEncoding = 4; lastKnownFileType = sourcecode.swift; path = GCDSafetyTest.swift; sourceTree = "<group>"; };
		188CCA4E1F0D686300F17C47 /* String+Predicate.swift */ = {isa = PBXFileReference; fileEncoding = 4; lastKnownFileType = sourcecode.swift; path = "String+Predicate.swift"; sourceTree = "<group>"; };
		18961D1720925EF8004FDC00 /* TorchTransactionHelper.swift */ = {isa = PBXFileReference; lastKnownFileType = sourcecode.swift; path = TorchTransactionHelper.swift; sourceTree = "<group>"; };
		18EE0B161D438B3A001215B1 /* build_generator */ = {isa = PBXFileReference; fileEncoding = 4; lastKnownFileType = text; path = build_generator; sourceTree = "<group>"; };
		18EE0B171D438B3A001215B1 /* run */ = {isa = PBXFileReference; fileEncoding = 4; lastKnownFileType = text; path = run; sourceTree = "<group>"; };
		4C271572D14D2113C6B3868E /* Pods-TorchTests.debug.xcconfig */ = {isa = PBXFileReference; includeInIndex = 1; lastKnownFileType = text.xcconfig; name = "Pods-TorchTests.debug.xcconfig"; path = "Pods/Target Support Files/Pods-TorchTests/Pods-TorchTests.debug.xcconfig"; sourceTree = "<group>"; };
		5944DF56D018CB82D081BE53 /* Pods-TorchTests.release.xcconfig */ = {isa = PBXFileReference; includeInIndex = 1; lastKnownFileType = text.xcconfig; name = "Pods-TorchTests.release.xcconfig"; path = "Pods/Target Support Files/Pods-TorchTests/Pods-TorchTests.release.xcconfig"; sourceTree = "<group>"; };
		719D5F99DBB43C8D129F2D49 /* Pods_Torch.framework */ = {isa = PBXFileReference; explicitFileType = wrapper.framework; includeInIndex = 0; path = Pods_Torch.framework; sourceTree = BUILT_PRODUCTS_DIR; };
		8A819D552FDC7F418850E68B /* Pods-Torch.release.xcconfig */ = {isa = PBXFileReference; includeInIndex = 1; lastKnownFileType = text.xcconfig; name = "Pods-Torch.release.xcconfig"; path = "Pods/Target Support Files/Pods-Torch/Pods-Torch.release.xcconfig"; sourceTree = "<group>"; };
		B390C24F78AE5A5A70B7F2C7 /* Pods-Torch.debug.xcconfig */ = {isa = PBXFileReference; includeInIndex = 1; lastKnownFileType = text.xcconfig; name = "Pods-Torch.debug.xcconfig"; path = "Pods/Target Support Files/Pods-Torch/Pods-Torch.debug.xcconfig"; sourceTree = "<group>"; };
		DC1012F61D4B3DC0003C3F1E /* Podfile */ = {isa = PBXFileReference; lastKnownFileType = text; path = Podfile; sourceTree = "<group>"; xcLanguageSpecificationIdentifier = xcode.lang.ruby; };
		DC1012F91D4B45D0003C3F1E /* Metadata.swift */ = {isa = PBXFileReference; fileEncoding = 4; lastKnownFileType = sourcecode.swift; path = Metadata.swift; sourceTree = "<group>"; };
		DC1012FB1D4BA5AA003C3F1E /* PropertyValueType.swift */ = {isa = PBXFileReference; fileEncoding = 4; lastKnownFileType = sourcecode.swift; path = PropertyValueType.swift; sourceTree = "<group>"; };
		DC11F7121D532ED0002875DD /* PropertyComparableValueTypeConvertible+Predicate.swift */ = {isa = PBXFileReference; fileEncoding = 4; lastKnownFileType = sourcecode.swift; name = "PropertyComparableValueTypeConvertible+Predicate.swift"; path = "ConvertibleType/PropertyComparableValueTypeConvertible+Predicate.swift"; sourceTree = "<group>"; };
		DC11F7131D532ED0002875DD /* PropertyValueTypeConvertible+Predicate.swift */ = {isa = PBXFileReference; fileEncoding = 4; lastKnownFileType = sourcecode.swift; name = "PropertyValueTypeConvertible+Predicate.swift"; path = "ConvertibleType/PropertyValueTypeConvertible+Predicate.swift"; sourceTree = "<group>"; };
		DC11F7171D532FD0002875DD /* PropertyOptionalComparableTypeConvertible+Predicate.swift */ = {isa = PBXFileReference; fileEncoding = 4; lastKnownFileType = sourcecode.swift; name = "PropertyOptionalComparableTypeConvertible+Predicate.swift"; path = "ConvertibleOptionalType/PropertyOptionalComparableTypeConvertible+Predicate.swift"; sourceTree = "<group>"; };
		DC11F7181D532FD0002875DD /* PropertyOptionalTypeConvertible+Predicate.swift */ = {isa = PBXFileReference; fileEncoding = 4; lastKnownFileType = sourcecode.swift; name = "PropertyOptionalTypeConvertible+Predicate.swift"; path = "ConvertibleOptionalType/PropertyOptionalTypeConvertible+Predicate.swift"; sourceTree = "<group>"; };
		DC32A10D1D401439008E3A4E /* Property.swift */ = {isa = PBXFileReference; fileEncoding = 4; lastKnownFileType = sourcecode.swift; path = Property.swift; sourceTree = "<group>"; };
		DC49D22A1D42654200EECA2F /* PropertyType.swift */ = {isa = PBXFileReference; fileEncoding = 4; lastKnownFileType = sourcecode.swift; path = PropertyType.swift; sourceTree = "<group>"; };
		DC49D2301D42874400EECA2F /* PropertyArrayType.swift */ = {isa = PBXFileReference; fileEncoding = 4; lastKnownFileType = sourcecode.swift; path = PropertyArrayType.swift; sourceTree = "<group>"; };
		DC49D2321D42877E00EECA2F /* PropertyOptionalType.swift */ = {isa = PBXFileReference; fileEncoding = 4; lastKnownFileType = sourcecode.swift; path = PropertyOptionalType.swift; sourceTree = "<group>"; };
		DC49D2341D42902000EECA2F /* Models.swift */ = {isa = PBXFileReference; fileEncoding = 4; lastKnownFileType = sourcecode.swift; path = Models.swift; sourceTree = "<group>"; };
		DC49D2361D42904700EECA2F /* ModelExtensions.swift */ = {isa = PBXFileReference; fileEncoding = 4; lastKnownFileType = sourcecode.swift; path = ModelExtensions.swift; sourceTree = "<group>"; };
		DC49D23B1D42B2BE00EECA2F /* PredicateTest.swift */ = {isa = PBXFileReference; fileEncoding = 4; lastKnownFileType = sourcecode.swift; path = PredicateTest.swift; sourceTree = "<group>"; };
		DC4A784C1D5093F60096A817 /* ManagedObject.swift */ = {isa = PBXFileReference; fileEncoding = 4; lastKnownFileType = sourcecode.swift; path = ManagedObject.swift; sourceTree = "<group>"; };
		DC4A784E1D50D1540096A817 /* ValueTypeWrapper.swift */ = {isa = PBXFileReference; fileEncoding = 4; lastKnownFileType = sourcecode.swift; path = ValueTypeWrapper.swift; sourceTree = "<group>"; };
		DC5A3A5C1CF6F8D600F520E3 /* TorchORM.podspec */ = {isa = PBXFileReference; fileEncoding = 4; lastKnownFileType = text; path = TorchORM.podspec; sourceTree = "<group>"; xcLanguageSpecificationIdentifier = xcode.lang.ruby; };
		DC8AB1A61D4BB67500A24A12 /* RealmPerformanceTest.swift */ = {isa = PBXFileReference; fileEncoding = 4; lastKnownFileType = sourcecode.swift; path = RealmPerformanceTest.swift; sourceTree = "<group>"; };
		DC8AB1AB1D4E295800A24A12 /* SortDescriptor.swift */ = {isa = PBXFileReference; fileEncoding = 4; lastKnownFileType = sourcecode.swift; path = SortDescriptor.swift; sourceTree = "<group>"; };
		DC8AB1AD1D4E30C300A24A12 /* Predicate.swift */ = {isa = PBXFileReference; fileEncoding = 4; lastKnownFileType = sourcecode.swift; path = Predicate.swift; sourceTree = "<group>"; };
		DC8AB1B01D4E6CA900A24A12 /* PropertyValueType+Predicate.swift */ = {isa = PBXFileReference; fileEncoding = 4; lastKnownFileType = sourcecode.swift; path = "PropertyValueType+Predicate.swift"; sourceTree = "<group>"; };
		DC8AB1B21D4E70EA00A24A12 /* Property+Predicate.swift */ = {isa = PBXFileReference; fileEncoding = 4; lastKnownFileType = sourcecode.swift; path = "Property+Predicate.swift"; sourceTree = "<group>"; };
		DC8AB1B41D4E723E00A24A12 /* PropertyComparableValueType+Predicate.swift */ = {isa = PBXFileReference; fileEncoding = 4; lastKnownFileType = sourcecode.swift; path = "PropertyComparableValueType+Predicate.swift"; sourceTree = "<group>"; };
		DC8AB1B71D4E730F00A24A12 /* PropertyOptionalType+Predicate.swift */ = {isa = PBXFileReference; fileEncoding = 4; lastKnownFileType = sourcecode.swift; path = "PropertyOptionalType+Predicate.swift"; sourceTree = "<group>"; };
		DC8AB1B91D4E74F500A24A12 /* PropertyOptionalComparableType+Predicate.swift */ = {isa = PBXFileReference; fileEncoding = 4; lastKnownFileType = sourcecode.swift; path = "PropertyOptionalComparableType+Predicate.swift"; sourceTree = "<group>"; };
		DC8AB1BB1D4E75CF00A24A12 /* PropertyComparableValueType.swift */ = {isa = PBXFileReference; fileEncoding = 4; lastKnownFileType = sourcecode.swift; path = PropertyComparableValueType.swift; sourceTree = "<group>"; };
		DC8AB1BF1D4F9D1800A24A12 /* Utils.swift */ = {isa = PBXFileReference; fileEncoding = 4; lastKnownFileType = sourcecode.swift; path = Utils.swift; sourceTree = "<group>"; };
		DC8B9F2B1D3EB41F00E3B9DE /* TorchTest.swift */ = {isa = PBXFileReference; fileEncoding = 4; lastKnownFileType = sourcecode.swift; path = TorchTest.swift; sourceTree = "<group>"; };
		DCC759701D46207200D23B24 /* CoreDataPerformanceTest.swift */ = {isa = PBXFileReference; fileEncoding = 4; lastKnownFileType = sourcecode.swift; path = CoreDataPerformanceTest.swift; sourceTree = "<group>"; };
		DCC759731D46208500D23B24 /* CoreDataModel.xcdatamodel */ = {isa = PBXFileReference; lastKnownFileType = wrapper.xcdatamodel; path = CoreDataModel.xcdatamodel; sourceTree = "<group>"; };
		DCC759781D4673DA00D23B24 /* XCTestCase+Measure.swift */ = {isa = PBXFileReference; fileEncoding = 4; lastKnownFileType = sourcecode.swift; path = "XCTestCase+Measure.swift"; sourceTree = "<group>"; };
		DCE907AD1D5088AB00BF09D8 /* TestUtils.swift */ = {isa = PBXFileReference; fileEncoding = 4; lastKnownFileType = sourcecode.swift; path = TestUtils.swift; sourceTree = "<group>"; };
		DCF198061D45FBB500C7B14C /* PerformanceTest.swift */ = {isa = PBXFileReference; fileEncoding = 4; lastKnownFileType = sourcecode.swift; path = PerformanceTest.swift; sourceTree = "<group>"; };
		DCFA7E181D52460E003F24B4 /* PropertyValueTypeConvertible.swift */ = {isa = PBXFileReference; fileEncoding = 4; lastKnownFileType = sourcecode.swift; path = PropertyValueTypeConvertible.swift; sourceTree = "<group>"; };
/* End PBXFileReference section */

/* Begin PBXFrameworksBuildPhase section */
		183D03F71C4691C600EBAEF3 /* Frameworks */ = {
			isa = PBXFrameworksBuildPhase;
			buildActionMask = 2147483647;
			files = (
				FB27948A4EAB99B17BE63F54 /* Pods_Torch.framework in Frameworks */,
			);
			runOnlyForDeploymentPostprocessing = 0;
		};
		183D04021C4691C600EBAEF3 /* Frameworks */ = {
			isa = PBXFrameworksBuildPhase;
			buildActionMask = 2147483647;
			files = (
				183D04061C4691C600EBAEF3 /* Torch.framework in Frameworks */,
				8E15FB157588645EF62C0E53 /* Pods_TorchTests.framework in Frameworks */,
			);
			runOnlyForDeploymentPostprocessing = 0;
		};
/* End PBXFrameworksBuildPhase section */

/* Begin PBXGroup section */
		183D03F11C4691C600EBAEF3 = {
			isa = PBXGroup;
			children = (
				18EE0B161D438B3A001215B1 /* build_generator */,
				DC1012F61D4B3DC0003C3F1E /* Podfile */,
				18EE0B171D438B3A001215B1 /* run */,
				DC5A3A5C1CF6F8D600F520E3 /* TorchORM.podspec */,
				187688041D43E9C000252E03 /* .travis.yml */,
				18EE0B0A1D437B7F001215B1 /* Frameworks */,
				DBF46B104ACC8FB05E6A754D /* Pods */,
				183D03FC1C4691C600EBAEF3 /* Products */,
				183D03FD1C4691C600EBAEF3 /* Source */,
				183D04091C4691C600EBAEF3 /* Tests */,
			);
			sourceTree = "<group>";
		};
		183D03FC1C4691C600EBAEF3 /* Products */ = {
			isa = PBXGroup;
			children = (
				183D03FB1C4691C600EBAEF3 /* Torch.framework */,
				183D04051C4691C600EBAEF3 /* TorchTests.xctest */,
			);
			name = Products;
			sourceTree = "<group>";
		};
		183D03FD1C4691C600EBAEF3 /* Source */ = {
			isa = PBXGroup;
			children = (
				183D03FE1C4691C600EBAEF3 /* Torch.h */,
				183D04001C4691C600EBAEF3 /* Info.plist */,
				18768FD51D44CAF000252E03 /* Database */,
				18768FED1D44D19800252E03 /* Entity */,
				DC32A1071D40134B008E3A4E /* Predicate */,
				DC32A1081D40135A008E3A4E /* Property */,
				18768FF41D44D1D500252E03 /* SortDescriptor */,
				DC32A1091D401422008E3A4E /* Utils */,
			);
			path = Source;
			sourceTree = "<group>";
		};
		183D04091C4691C600EBAEF3 /* Tests */ = {
			isa = PBXGroup;
			children = (
				188CCA4B1F0D2F0700F17C47 /* GCDSafetyTest.swift */,
				183D040C1C4691C600EBAEF3 /* Info.plist */,
				DC49D23B1D42B2BE00EECA2F /* PredicateTest.swift */,
				DC8B9F2B1D3EB41F00E3B9DE /* TorchTest.swift */,
				DCC759721D46208500D23B24 /* CoreDataModel.xcdatamodeld */,
				DC70D0D01D2B006200014C5F /* Generated */,
				DCE907B01D5088B700BF09D8 /* Performance */,
				DC70D0B91D2AF3FA00014C5F /* Source */,
				DCC759771D4673C500D23B24 /* Utils */,
			);
			path = Tests;
			sourceTree = "<group>";
		};
		18768FC81D44C01D00252E03 /* ValueType */ = {
			isa = PBXGroup;
			children = (
				DC8AB1B41D4E723E00A24A12 /* PropertyComparableValueType+Predicate.swift */,
				DC8AB1B01D4E6CA900A24A12 /* PropertyValueType+Predicate.swift */,
				188CCA4E1F0D686300F17C47 /* String+Predicate.swift */,
			);
			path = ValueType;
			sourceTree = "<group>";
		};
		18768FD51D44CAF000252E03 /* Database */ = {
			isa = PBXGroup;
			children = (
				18768FD61D44CAFD00252E03 /* Database.swift */,
				18768FD81D44CB1200252E03 /* Database+Load.swift */,
				18768FDA1D44CB5F00252E03 /* Database+Save.swift */,
				18768FDC1D44CB7D00252E03 /* Database+Delete.swift */,
				18768FDE1D44CBBB00252E03 /* Database+Transaction.swift */,
			);
			path = Database;
			sourceTree = "<group>";
		};
		18768FED1D44D19800252E03 /* Entity */ = {
			isa = PBXGroup;
			children = (
				18768FEE1D44D1A200252E03 /* TorchEntity.swift */,
				18768FF01D44D1AE00252E03 /* ManualTorchEntity.swift */,
			);
			path = Entity;
			sourceTree = "<group>";
		};
		18768FF41D44D1D500252E03 /* SortDescriptor */ = {
			isa = PBXGroup;
			children = (
				18768FF71D44D20900252E03 /* Property+Sort.swift */,
				DC8AB1AB1D4E295800A24A12 /* SortDescriptor.swift */,
			);
			path = SortDescriptor;
			sourceTree = "<group>";
		};
		18EE0B0A1D437B7F001215B1 /* Frameworks */ = {
			isa = PBXGroup;
			children = (
				719D5F99DBB43C8D129F2D49 /* Pods_Torch.framework */,
				17E6CA52BE4277B23EFF9401 /* Pods_TorchTests.framework */,
			);
			name = Frameworks;
			sourceTree = "<group>";
		};
		DBF46B104ACC8FB05E6A754D /* Pods */ = {
			isa = PBXGroup;
			children = (
				B390C24F78AE5A5A70B7F2C7 /* Pods-Torch.debug.xcconfig */,
				8A819D552FDC7F418850E68B /* Pods-Torch.release.xcconfig */,
				4C271572D14D2113C6B3868E /* Pods-TorchTests.debug.xcconfig */,
				5944DF56D018CB82D081BE53 /* Pods-TorchTests.release.xcconfig */,
			);
			name = Pods;
			sourceTree = "<group>";
		};
		DC11F7111D532E88002875DD /* ConvertibleType */ = {
			isa = PBXGroup;
			children = (
				DC11F7121D532ED0002875DD /* PropertyComparableValueTypeConvertible+Predicate.swift */,
				DC11F7131D532ED0002875DD /* PropertyValueTypeConvertible+Predicate.swift */,
			);
			name = ConvertibleType;
			sourceTree = "<group>";
		};
		DC11F7161D532FB9002875DD /* ConvertibleOptionalType */ = {
			isa = PBXGroup;
			children = (
				DC11F7171D532FD0002875DD /* PropertyOptionalComparableTypeConvertible+Predicate.swift */,
				DC11F7181D532FD0002875DD /* PropertyOptionalTypeConvertible+Predicate.swift */,
			);
			name = ConvertibleOptionalType;
			sourceTree = "<group>";
		};
		DC32A1071D40134B008E3A4E /* Predicate */ = {
			isa = PBXGroup;
			children = (
				DC8AB1AD1D4E30C300A24A12 /* Predicate.swift */,
				DC8AB1B21D4E70EA00A24A12 /* Property+Predicate.swift */,
				DC11F7161D532FB9002875DD /* ConvertibleOptionalType */,
				DC11F7111D532E88002875DD /* ConvertibleType */,
				DC8AB1B61D4E72F200A24A12 /* OptionalType */,
				18768FC81D44C01D00252E03 /* ValueType */,
			);
			path = Predicate;
			sourceTree = "<group>";
		};
		DC32A1081D40135A008E3A4E /* Property */ = {
			isa = PBXGroup;
			children = (
				DC32A10D1D401439008E3A4E /* Property.swift */,
				DC49D2301D42874400EECA2F /* PropertyArrayType.swift */,
				DC8AB1BB1D4E75CF00A24A12 /* PropertyComparableValueType.swift */,
				DC49D2321D42877E00EECA2F /* PropertyOptionalType.swift */,
				DC49D22A1D42654200EECA2F /* PropertyType.swift */,
				DC1012FB1D4BA5AA003C3F1E /* PropertyValueType.swift */,
				DCFA7E181D52460E003F24B4 /* PropertyValueTypeConvertible.swift */,
			);
			path = Property;
			sourceTree = "<group>";
		};
		DC32A1091D401422008E3A4E /* Utils */ = {
			isa = PBXGroup;
			children = (
				DC1012F91D4B45D0003C3F1E /* Metadata.swift */,
				DC8AB1BF1D4F9D1800A24A12 /* Utils.swift */,
				DC4A784C1D5093F60096A817 /* ManagedObject.swift */,
				DC4A784E1D50D1540096A817 /* ValueTypeWrapper.swift */,
				18961D1720925EF8004FDC00 /* TorchTransactionHelper.swift */,
			);
			path = Utils;
			sourceTree = "<group>";
		};
		DC70D0B91D2AF3FA00014C5F /* Source */ = {
			isa = PBXGroup;
			children = (
				DC49D2341D42902000EECA2F /* Models.swift */,
			);
			path = Source;
			sourceTree = "<group>";
		};
		DC70D0D01D2B006200014C5F /* Generated */ = {
			isa = PBXGroup;
			children = (
				DC49D2361D42904700EECA2F /* ModelExtensions.swift */,
			);
			path = Generated;
			sourceTree = "<group>";
		};
		DC8AB1B61D4E72F200A24A12 /* OptionalType */ = {
			isa = PBXGroup;
			children = (
				DC8AB1B91D4E74F500A24A12 /* PropertyOptionalComparableType+Predicate.swift */,
				DC8AB1B71D4E730F00A24A12 /* PropertyOptionalType+Predicate.swift */,
			);
			path = OptionalType;
			sourceTree = "<group>";
		};
		DCC759771D4673C500D23B24 /* Utils */ = {
			isa = PBXGroup;
			children = (
				DCE907AD1D5088AB00BF09D8 /* TestUtils.swift */,
				DCC759781D4673DA00D23B24 /* XCTestCase+Measure.swift */,
			);
			path = Utils;
			sourceTree = "<group>";
		};
		DCE907B01D5088B700BF09D8 /* Performance */ = {
			isa = PBXGroup;
			children = (
				DCC759701D46207200D23B24 /* CoreDataPerformanceTest.swift */,
				DCF198061D45FBB500C7B14C /* PerformanceTest.swift */,
				DC8AB1A61D4BB67500A24A12 /* RealmPerformanceTest.swift */,
			);
			path = Performance;
			sourceTree = "<group>";
		};
/* End PBXGroup section */

/* Begin PBXHeadersBuildPhase section */
		183D03F81C4691C600EBAEF3 /* Headers */ = {
			isa = PBXHeadersBuildPhase;
			buildActionMask = 2147483647;
			files = (
				183D03FF1C4691C600EBAEF3 /* Torch.h in Headers */,
			);
			runOnlyForDeploymentPostprocessing = 0;
		};
/* End PBXHeadersBuildPhase section */

/* Begin PBXNativeTarget section */
		183D03FA1C4691C600EBAEF3 /* Torch */ = {
			isa = PBXNativeTarget;
			buildConfigurationList = 183D040F1C4691C600EBAEF3 /* Build configuration list for PBXNativeTarget "Torch" */;
			buildPhases = (
				F20228DAD4B5668CF9E0C5E5 /* [CP] Check Pods Manifest.lock */,
				183D03F61C4691C600EBAEF3 /* Sources */,
				183D03F71C4691C600EBAEF3 /* Frameworks */,
				183D03F81C4691C600EBAEF3 /* Headers */,
				183D03F91C4691C600EBAEF3 /* Resources */,
			);
			buildRules = (
			);
			dependencies = (
			);
			name = Torch;
			productName = Mockery;
			productReference = 183D03FB1C4691C600EBAEF3 /* Torch.framework */;
			productType = "com.apple.product-type.framework";
		};
		183D04041C4691C600EBAEF3 /* TorchTests */ = {
			isa = PBXNativeTarget;
			buildConfigurationList = 183D04121C4691C600EBAEF3 /* Build configuration list for PBXNativeTarget "TorchTests" */;
			buildPhases = (
				393D3876B773DD6DCE980757 /* [CP] Check Pods Manifest.lock */,
				DC49D2401D42BF2800EECA2F /* Generate extensions */,
				183D04011C4691C600EBAEF3 /* Sources */,
				183D04021C4691C600EBAEF3 /* Frameworks */,
				183D04031C4691C600EBAEF3 /* Resources */,
				9D2F23E9D8416B4DC592272C /* [CP] Embed Pods Frameworks */,
			);
			buildRules = (
			);
			dependencies = (
				183D04081C4691C600EBAEF3 /* PBXTargetDependency */,
			);
			name = TorchTests;
			productName = MockeryTests;
			productReference = 183D04051C4691C600EBAEF3 /* TorchTests.xctest */;
			productType = "com.apple.product-type.bundle.unit-test";
		};
/* End PBXNativeTarget section */

/* Begin PBXProject section */
		183D03F21C4691C600EBAEF3 /* Project object */ = {
			isa = PBXProject;
			attributes = {
				LastSwiftUpdateCheck = 0730;
				LastUpgradeCheck = 0800;
				ORGANIZATIONNAME = Brightify;
				TargetAttributes = {
					183D03FA1C4691C600EBAEF3 = {
						CreatedOnToolsVersion = 7.2;
						LastSwiftMigration = 0800;
					};
					183D04041C4691C600EBAEF3 = {
						CreatedOnToolsVersion = 7.2;
						LastSwiftMigration = 0800;
					};
				};
			};
			buildConfigurationList = 183D03F51C4691C600EBAEF3 /* Build configuration list for PBXProject "Torch" */;
			compatibilityVersion = "Xcode 3.2";
			developmentRegion = English;
			hasScannedForEncodings = 0;
			knownRegions = (
				en,
			);
			mainGroup = 183D03F11C4691C600EBAEF3;
			productRefGroup = 183D03FC1C4691C600EBAEF3 /* Products */;
			projectDirPath = "";
			projectRoot = "";
			targets = (
				183D03FA1C4691C600EBAEF3 /* Torch */,
				183D04041C4691C600EBAEF3 /* TorchTests */,
			);
		};
/* End PBXProject section */

/* Begin PBXResourcesBuildPhase section */
		183D03F91C4691C600EBAEF3 /* Resources */ = {
			isa = PBXResourcesBuildPhase;
			buildActionMask = 2147483647;
			files = (
			);
			runOnlyForDeploymentPostprocessing = 0;
		};
		183D04031C4691C600EBAEF3 /* Resources */ = {
			isa = PBXResourcesBuildPhase;
			buildActionMask = 2147483647;
			files = (
			);
			runOnlyForDeploymentPostprocessing = 0;
		};
/* End PBXResourcesBuildPhase section */

/* Begin PBXShellScriptBuildPhase section */
		393D3876B773DD6DCE980757 /* [CP] Check Pods Manifest.lock */ = {
			isa = PBXShellScriptBuildPhase;
			buildActionMask = 2147483647;
			files = (
			);
			inputPaths = (
				"${PODS_PODFILE_DIR_PATH}/Podfile.lock",
				"${PODS_ROOT}/Manifest.lock",
			);
			name = "[CP] Check Pods Manifest.lock";
			outputPaths = (
				"$(DERIVED_FILE_DIR)/Pods-TorchTests-checkManifestLockResult.txt",
			);
			runOnlyForDeploymentPostprocessing = 0;
			shellPath = /bin/sh;
			shellScript = "diff \"${PODS_PODFILE_DIR_PATH}/Podfile.lock\" \"${PODS_ROOT}/Manifest.lock\" > /dev/null\nif [ $? != 0 ] ; then\n    # print error to STDERR\n    echo \"error: The sandbox is not in sync with the Podfile.lock. Run 'pod install' or update your CocoaPods installation.\" >&2\n    exit 1\nfi\n# This output is used by Xcode 'outputs' to avoid re-running this script phase.\necho \"SUCCESS\" > \"${SCRIPT_OUTPUT_FILE_0}\"\n";
			showEnvVarsInLog = 0;
		};
		9D2F23E9D8416B4DC592272C /* [CP] Embed Pods Frameworks */ = {
			isa = PBXShellScriptBuildPhase;
			buildActionMask = 2147483647;
			files = (
			);
			inputPaths = (
				"${SRCROOT}/Pods/Target Support Files/Pods-TorchTests/Pods-TorchTests-frameworks.sh",
				"${BUILT_PRODUCTS_DIR}/Realm/Realm.framework",
				"${BUILT_PRODUCTS_DIR}/RealmSwift/RealmSwift.framework",
			);
			name = "[CP] Embed Pods Frameworks";
			outputPaths = (
				"${TARGET_BUILD_DIR}/${FRAMEWORKS_FOLDER_PATH}/Realm.framework",
				"${TARGET_BUILD_DIR}/${FRAMEWORKS_FOLDER_PATH}/RealmSwift.framework",
			);
			runOnlyForDeploymentPostprocessing = 0;
			shellPath = /bin/sh;
			shellScript = "\"${SRCROOT}/Pods/Target Support Files/Pods-TorchTests/Pods-TorchTests-frameworks.sh\"\n";
			showEnvVarsInLog = 0;
		};
		DC49D2401D42BF2800EECA2F /* Generate extensions */ = {
			isa = PBXShellScriptBuildPhase;
			buildActionMask = 2147483647;
			files = (
			);
			inputPaths = (
			);
			name = "Generate extensions";
			outputPaths = (
			);
			runOnlyForDeploymentPostprocessing = 0;
			shellPath = /bin/sh;
			shellScript = "\"$SRCROOT/run\" generate --output \"$PROJECT_DIR/Tests/Generated/ModelExtensions.swift\" \"$PROJECT_DIR/Tests/Source\"";
		};
		F20228DAD4B5668CF9E0C5E5 /* [CP] Check Pods Manifest.lock */ = {
			isa = PBXShellScriptBuildPhase;
			buildActionMask = 2147483647;
			files = (
			);
			inputPaths = (
				"${PODS_PODFILE_DIR_PATH}/Podfile.lock",
				"${PODS_ROOT}/Manifest.lock",
			);
			name = "[CP] Check Pods Manifest.lock";
			outputPaths = (
				"$(DERIVED_FILE_DIR)/Pods-Torch-checkManifestLockResult.txt",
			);
			runOnlyForDeploymentPostprocessing = 0;
			shellPath = /bin/sh;
			shellScript = "diff \"${PODS_PODFILE_DIR_PATH}/Podfile.lock\" \"${PODS_ROOT}/Manifest.lock\" > /dev/null\nif [ $? != 0 ] ; then\n    # print error to STDERR\n    echo \"error: The sandbox is not in sync with the Podfile.lock. Run 'pod install' or update your CocoaPods installation.\" >&2\n    exit 1\nfi\n# This output is used by Xcode 'outputs' to avoid re-running this script phase.\necho \"SUCCESS\" > \"${SCRIPT_OUTPUT_FILE_0}\"\n";
			showEnvVarsInLog = 0;
		};
/* End PBXShellScriptBuildPhase section */

/* Begin PBXSourcesBuildPhase section */
		183D03F61C4691C600EBAEF3 /* Sources */ = {
			isa = PBXSourcesBuildPhase;
			buildActionMask = 2147483647;
			files = (
				DC11F71A1D532FD0002875DD /* PropertyOptionalTypeConvertible+Predicate.swift in Sources */,
				DC8AB1AC1D4E295800A24A12 /* SortDescriptor.swift in Sources */,
				18768FDB1D44CB5F00252E03 /* Database+Save.swift in Sources */,
				DC4A784D1D5093F60096A817 /* ManagedObject.swift in Sources */,
				DC1012FA1D4B45D0003C3F1E /* Metadata.swift in Sources */,
				18768FDF1D44CBBB00252E03 /* Database+Transaction.swift in Sources */,
				DC11F7141D532ED0002875DD /* PropertyComparableValueTypeConvertible+Predicate.swift in Sources */,
				DC8AB1AE1D4E30C300A24A12 /* Predicate.swift in Sources */,
				DCFA7E191D52460E003F24B4 /* PropertyValueTypeConvertible.swift in Sources */,
				1876900B1D44D81000252E03 /* Property.swift in Sources */,
				1876900C1D44D81300252E03 /* PropertyArrayType.swift in Sources */,
				DC8AB1B31D4E70EA00A24A12 /* Property+Predicate.swift in Sources */,
				DC8AB1B81D4E730F00A24A12 /* PropertyOptionalType+Predicate.swift in Sources */,
				DC8AB1BA1D4E74F500A24A12 /* PropertyOptionalComparableType+Predicate.swift in Sources */,
				188CCA4F1F0D686300F17C47 /* String+Predicate.swift in Sources */,
				1876900D1D44D81500252E03 /* PropertyOptionalType.swift in Sources */,
				18768FF81D44D20900252E03 /* Property+Sort.swift in Sources */,
				1876900F1D44D81A00252E03 /* PropertyType.swift in Sources */,
				DC11F7191D532FD0002875DD /* PropertyOptionalComparableTypeConvertible+Predicate.swift in Sources */,
				18768FEF1D44D1A200252E03 /* TorchEntity.swift in Sources */,
				DC8AB1BC1D4E75CF00A24A12 /* PropertyComparableValueType.swift in Sources */,
				DC4A784F1D50D1540096A817 /* ValueTypeWrapper.swift in Sources */,
				DC8AB1B11D4E6CA900A24A12 /* PropertyValueType+Predicate.swift in Sources */,
				18768FD91D44CB1200252E03 /* Database+Load.swift in Sources */,
				18768FDD1D44CB7D00252E03 /* Database+Delete.swift in Sources */,
				18768FF11D44D1AE00252E03 /* ManualTorchEntity.swift in Sources */,
				DC1012FC1D4BA5AA003C3F1E /* PropertyValueType.swift in Sources */,
				DC11F7151D532ED0002875DD /* PropertyValueTypeConvertible+Predicate.swift in Sources */,
				18768FD71D44CAFD00252E03 /* Database.swift in Sources */,
				18961D1820925EF8004FDC00 /* TorchTransactionHelper.swift in Sources */,
				DC8AB1B51D4E723E00A24A12 /* PropertyComparableValueType+Predicate.swift in Sources */,
				DC8AB1C01D4F9D1800A24A12 /* Utils.swift in Sources */,
			);
			runOnlyForDeploymentPostprocessing = 0;
		};
		183D04011C4691C600EBAEF3 /* Sources */ = {
			isa = PBXSourcesBuildPhase;
			buildActionMask = 2147483647;
			files = (
				DCF198081D45FBD400C7B14C /* PerformanceTest.swift in Sources */,
				DCC759751D46209A00D23B24 /* CoreDataPerformanceTest.swift in Sources */,
				DC8B9F2F1D3EB4AE00E3B9DE /* TorchTest.swift in Sources */,
				DCE907AF1D5088B200BF09D8 /* TestUtils.swift in Sources */,
				DC49D2371D42904700EECA2F /* ModelExtensions.swift in Sources */,
				DC49D2351D42902000EECA2F /* Models.swift in Sources */,
				DCC759761D46209F00D23B24 /* CoreDataModel.xcdatamodeld in Sources */,
				DC49D23C1D42B2BE00EECA2F /* PredicateTest.swift in Sources */,
				188CCA4D1F0D2F9A00F17C47 /* GCDSafetyTest.swift in Sources */,
				DC8AB1A81D4BB6BF00A24A12 /* RealmPerformanceTest.swift in Sources */,
				DCC7597A1D4673F700D23B24 /* XCTestCase+Measure.swift in Sources */,
			);
			runOnlyForDeploymentPostprocessing = 0;
		};
/* End PBXSourcesBuildPhase section */

/* Begin PBXTargetDependency section */
		183D04081C4691C600EBAEF3 /* PBXTargetDependency */ = {
			isa = PBXTargetDependency;
			target = 183D03FA1C4691C600EBAEF3 /* Torch */;
			targetProxy = 183D04071C4691C600EBAEF3 /* PBXContainerItemProxy */;
		};
/* End PBXTargetDependency section */

/* Begin XCBuildConfiguration section */
		183D040D1C4691C600EBAEF3 /* Debug */ = {
			isa = XCBuildConfiguration;
			buildSettings = {
				ALWAYS_SEARCH_USER_PATHS = NO;
				CLANG_CXX_LANGUAGE_STANDARD = "gnu++0x";
				CLANG_CXX_LIBRARY = "libc++";
				CLANG_ENABLE_MODULES = YES;
				CLANG_ENABLE_OBJC_ARC = YES;
				CLANG_WARN_BOOL_CONVERSION = YES;
				CLANG_WARN_CONSTANT_CONVERSION = YES;
				CLANG_WARN_DIRECT_OBJC_ISA_USAGE = YES_ERROR;
				CLANG_WARN_EMPTY_BODY = YES;
				CLANG_WARN_ENUM_CONVERSION = YES;
				CLANG_WARN_INFINITE_RECURSION = YES;
				CLANG_WARN_INT_CONVERSION = YES;
				CLANG_WARN_OBJC_ROOT_CLASS = YES_ERROR;
				CLANG_WARN_SUSPICIOUS_MOVE = YES;
				CLANG_WARN_UNREACHABLE_CODE = YES;
				CLANG_WARN__DUPLICATE_METHOD_MATCH = YES;
				"CODE_SIGN_IDENTITY[sdk=iphoneos*]" = "iPhone Developer";
				"CODE_SIGN_IDENTITY[sdk=macosx*]" = "";
				COPY_PHASE_STRIP = NO;
				CURRENT_PROJECT_VERSION = 1;
				DEBUG_INFORMATION_FORMAT = dwarf;
				ENABLE_STRICT_OBJC_MSGSEND = YES;
				ENABLE_TESTABILITY = YES;
				GCC_C_LANGUAGE_STANDARD = gnu99;
				GCC_DYNAMIC_NO_PIC = NO;
				GCC_NO_COMMON_BLOCKS = YES;
				GCC_OPTIMIZATION_LEVEL = 0;
				GCC_PREPROCESSOR_DEFINITIONS = (
					"DEBUG=1",
					"$(inherited)",
				);
				GCC_WARN_64_TO_32_BIT_CONVERSION = YES;
				GCC_WARN_ABOUT_RETURN_TYPE = YES_ERROR;
				GCC_WARN_UNDECLARED_SELECTOR = YES;
				GCC_WARN_UNINITIALIZED_AUTOS = YES_AGGRESSIVE;
				GCC_WARN_UNUSED_FUNCTION = YES;
				GCC_WARN_UNUSED_VARIABLE = YES;
				MTL_ENABLE_DEBUG_INFO = YES;
				ONLY_ACTIVE_ARCH = YES;
				SDKROOT = macosx;
				SUPPORTED_PLATFORMS = "macosx iphonesimulator iphoneos";
				SWIFT_OPTIMIZATION_LEVEL = "-Onone";
				SWIFT_VERSION = 4.0;
				TARGETED_DEVICE_FAMILY = "1,2";
				VALID_ARCHS = "i386 x86_64 armv7s armv7 arm64";
				VERSIONING_SYSTEM = "apple-generic";
				VERSION_INFO_PREFIX = "";
			};
			name = Debug;
		};
		183D040E1C4691C600EBAEF3 /* Release */ = {
			isa = XCBuildConfiguration;
			buildSettings = {
				ALWAYS_SEARCH_USER_PATHS = NO;
				CLANG_CXX_LANGUAGE_STANDARD = "gnu++0x";
				CLANG_CXX_LIBRARY = "libc++";
				CLANG_ENABLE_MODULES = YES;
				CLANG_ENABLE_OBJC_ARC = YES;
				CLANG_WARN_BOOL_CONVERSION = YES;
				CLANG_WARN_CONSTANT_CONVERSION = YES;
				CLANG_WARN_DIRECT_OBJC_ISA_USAGE = YES_ERROR;
				CLANG_WARN_EMPTY_BODY = YES;
				CLANG_WARN_ENUM_CONVERSION = YES;
				CLANG_WARN_INFINITE_RECURSION = YES;
				CLANG_WARN_INT_CONVERSION = YES;
				CLANG_WARN_OBJC_ROOT_CLASS = YES_ERROR;
				CLANG_WARN_SUSPICIOUS_MOVE = YES;
				CLANG_WARN_UNREACHABLE_CODE = YES;
				CLANG_WARN__DUPLICATE_METHOD_MATCH = YES;
				"CODE_SIGN_IDENTITY[sdk=iphoneos*]" = "iPhone Developer";
				"CODE_SIGN_IDENTITY[sdk=macosx*]" = "";
				COPY_PHASE_STRIP = NO;
				CURRENT_PROJECT_VERSION = 1;
				DEBUG_INFORMATION_FORMAT = "dwarf-with-dsym";
				ENABLE_NS_ASSERTIONS = NO;
				ENABLE_STRICT_OBJC_MSGSEND = YES;
				GCC_C_LANGUAGE_STANDARD = gnu99;
				GCC_NO_COMMON_BLOCKS = YES;
				GCC_WARN_64_TO_32_BIT_CONVERSION = YES;
				GCC_WARN_ABOUT_RETURN_TYPE = YES_ERROR;
				GCC_WARN_UNDECLARED_SELECTOR = YES;
				GCC_WARN_UNINITIALIZED_AUTOS = YES_AGGRESSIVE;
				GCC_WARN_UNUSED_FUNCTION = YES;
				GCC_WARN_UNUSED_VARIABLE = YES;
				MTL_ENABLE_DEBUG_INFO = NO;
				SDKROOT = macosx;
				SUPPORTED_PLATFORMS = "macosx iphonesimulator iphoneos";
				SWIFT_OPTIMIZATION_LEVEL = "-Owholemodule";
				SWIFT_VERSION = 4.0;
				TARGETED_DEVICE_FAMILY = "1,2";
				VALIDATE_PRODUCT = YES;
				VALID_ARCHS = "i386 x86_64 armv7s armv7 arm64";
				VERSIONING_SYSTEM = "apple-generic";
				VERSION_INFO_PREFIX = "";
			};
			name = Release;
		};
		183D04101C4691C600EBAEF3 /* Debug */ = {
			isa = XCBuildConfiguration;
			baseConfigurationReference = B390C24F78AE5A5A70B7F2C7 /* Pods-Torch.debug.xcconfig */;
			buildSettings = {
				CLANG_ENABLE_MODULES = YES;
				DEFINES_MODULE = YES;
				DYLIB_COMPATIBILITY_VERSION = 1;
				DYLIB_CURRENT_VERSION = 1;
				DYLIB_INSTALL_NAME_BASE = "@rpath";
				FRAMEWORK_SEARCH_PATHS = (
					"$(inherited)",
					"$(PLATFORM_DIR)/Developer/Library/Frameworks",
					"$(PROJECT_DIR)/Generator/Build",
				);
				INFOPLIST_FILE = "$(SRCROOT)/Source/Info.plist";
				INSTALL_PATH = "$(LOCAL_LIBRARY_DIR)/Frameworks";
				IPHONEOS_DEPLOYMENT_TARGET = 8.0;
				LD_RUNPATH_SEARCH_PATHS = "$(inherited) @executable_path/Frameworks @loader_path/Frameworks";
				"MACOSX_DEPLOYMENT_TARGET[sdk=macosx*]" = 10.9;
				PRODUCT_BUNDLE_IDENTIFIER = org.brightify.Torch;
				PRODUCT_NAME = Torch;
				SKIP_INSTALL = YES;
				SWIFT_OPTIMIZATION_LEVEL = "-Onone";
				TVOS_DEPLOYMENT_TARGET = 9.0;
			};
			name = Debug;
		};
		183D04111C4691C600EBAEF3 /* Release */ = {
			isa = XCBuildConfiguration;
			baseConfigurationReference = 8A819D552FDC7F418850E68B /* Pods-Torch.release.xcconfig */;
			buildSettings = {
				CLANG_ENABLE_MODULES = YES;
				DEFINES_MODULE = YES;
				DYLIB_COMPATIBILITY_VERSION = 1;
				DYLIB_CURRENT_VERSION = 1;
				DYLIB_INSTALL_NAME_BASE = "@rpath";
				FRAMEWORK_SEARCH_PATHS = (
					"$(inherited)",
					"$(PLATFORM_DIR)/Developer/Library/Frameworks",
					"$(PROJECT_DIR)/Generator/Build",
				);
				INFOPLIST_FILE = "$(SRCROOT)/Source/Info.plist";
				INSTALL_PATH = "$(LOCAL_LIBRARY_DIR)/Frameworks";
				IPHONEOS_DEPLOYMENT_TARGET = 8.0;
				LD_RUNPATH_SEARCH_PATHS = "$(inherited) @executable_path/Frameworks @loader_path/Frameworks";
				"MACOSX_DEPLOYMENT_TARGET[sdk=macosx*]" = 10.9;
				PRODUCT_BUNDLE_IDENTIFIER = org.brightify.Torch;
				PRODUCT_NAME = Torch;
				SKIP_INSTALL = YES;
				TVOS_DEPLOYMENT_TARGET = 9.0;
			};
			name = Release;
		};
		183D04131C4691C600EBAEF3 /* Debug */ = {
			isa = XCBuildConfiguration;
			baseConfigurationReference = 4C271572D14D2113C6B3868E /* Pods-TorchTests.debug.xcconfig */;
			buildSettings = {
				ALWAYS_EMBED_SWIFT_STANDARD_LIBRARIES = YES;
				FRAMEWORK_SEARCH_PATHS = (
					"$(SDKROOT)",
					"$(inherited)",
				);
				INFOPLIST_FILE = Tests/Info.plist;
				LD_RUNPATH_SEARCH_PATHS = "$(inherited) @executable_path/Frameworks @loader_path/Frameworks @executable_path/../Frameworks @loader_path/../Frameworks";
				MACOSX_DEPLOYMENT_TARGET = 10.9;
				"MACOSX_DEPLOYMENT_TARGET[arch=*]" = 10.9;
				PRODUCT_BUNDLE_IDENTIFIER = org.brightify.TorchTests;
				PRODUCT_NAME = TorchTests;
			};
			name = Debug;
		};
		183D04141C4691C600EBAEF3 /* Release */ = {
			isa = XCBuildConfiguration;
			baseConfigurationReference = 5944DF56D018CB82D081BE53 /* Pods-TorchTests.release.xcconfig */;
			buildSettings = {
				ALWAYS_EMBED_SWIFT_STANDARD_LIBRARIES = YES;
				FRAMEWORK_SEARCH_PATHS = (
					"$(SDKROOT)",
					"$(inherited)",
				);
				INFOPLIST_FILE = Tests/Info.plist;
				LD_RUNPATH_SEARCH_PATHS = "$(inherited) @executable_path/Frameworks @loader_path/Frameworks @executable_path/../Frameworks @loader_path/../Frameworks";
				MACOSX_DEPLOYMENT_TARGET = 10.9;
				PRODUCT_BUNDLE_IDENTIFIER = org.brightify.TorchTests;
				PRODUCT_NAME = TorchTests;
			};
			name = Release;
		};
/* End XCBuildConfiguration section */

/* Begin XCConfigurationList section */
		183D03F51C4691C600EBAEF3 /* Build configuration list for PBXProject "Torch" */ = {
			isa = XCConfigurationList;
			buildConfigurations = (
				183D040D1C4691C600EBAEF3 /* Debug */,
				183D040E1C4691C600EBAEF3 /* Release */,
			);
			defaultConfigurationIsVisible = 0;
			defaultConfigurationName = Release;
		};
		183D040F1C4691C600EBAEF3 /* Build configuration list for PBXNativeTarget "Torch" */ = {
			isa = XCConfigurationList;
			buildConfigurations = (
				183D04101C4691C600EBAEF3 /* Debug */,
				183D04111C4691C600EBAEF3 /* Release */,
			);
			defaultConfigurationIsVisible = 0;
			defaultConfigurationName = Release;
		};
		183D04121C4691C600EBAEF3 /* Build configuration list for PBXNativeTarget "TorchTests" */ = {
			isa = XCConfigurationList;
			buildConfigurations = (
				183D04131C4691C600EBAEF3 /* Debug */,
				183D04141C4691C600EBAEF3 /* Release */,
			);
			defaultConfigurationIsVisible = 0;
			defaultConfigurationName = Release;
		};
/* End XCConfigurationList section */

/* Begin XCVersionGroup section */
		DCC759721D46208500D23B24 /* CoreDataModel.xcdatamodeld */ = {
			isa = XCVersionGroup;
			children = (
				DCC759731D46208500D23B24 /* CoreDataModel.xcdatamodel */,
			);
			currentVersion = DCC759731D46208500D23B24 /* CoreDataModel.xcdatamodel */;
			path = CoreDataModel.xcdatamodeld;
			sourceTree = "<group>";
			versionGroupType = wrapper.xcdatamodel;
		};
/* End XCVersionGroup section */
	};
	rootObject = 183D03F21C4691C600EBAEF3 /* Project object */;
}
